// !$*UTF8*$!
{
	archiveVersion = 1;
	classes = {
	};
	objectVersion = 46;
	objects = {

/* Begin PBXBuildFile section */
		B71366491DE3DCDE0029B558 /* main.m in Sources */ = {isa = PBXBuildFile; fileRef = B71366481DE3DCDE0029B558 /* main.m */; };
		B713664C1DE3DCDE0029B558 /* AppDelegate.mm in Sources */ = {isa = PBXBuildFile; fileRef = B713664B1DE3DCDE0029B558 /* AppDelegate.mm */; };
		B713664F1DE3DCDE0029B558 /* ViewController.mm in Sources */ = {isa = PBXBuildFile; fileRef = B713664E1DE3DCDE0029B558 /* ViewController.mm */; };
		B71366521DE3DCDE0029B558 /* Main.storyboard in Resources */ = {isa = PBXBuildFile; fileRef = B71366501DE3DCDE0029B558 /* Main.storyboard */; };
		B71366541DE3DCDE0029B558 /* Assets.xcassets in Resources */ = {isa = PBXBuildFile; fileRef = B71366531DE3DCDE0029B558 /* Assets.xcassets */; };
		B71366571DE3DCDE0029B558 /* LaunchScreen.storyboard in Resources */ = {isa = PBXBuildFile; fileRef = B71366551DE3DCDE0029B558 /* LaunchScreen.storyboard */; };
		B7D86A261DE53E63001269E9 /* Greeting.mm in Sources */ = {isa = PBXBuildFile; fileRef = B7D86A251DE53E62001269E9 /* Greeting.mm */; };
/* End PBXBuildFile section */

/* Begin PBXFileReference section */
		B71366441DE3DCDE0029B558 /* LearnCPP.app */ = {isa = PBXFileReference; explicitFileType = wrapper.application; includeInIndex = 0; path = LearnCPP.app; sourceTree = BUILT_PRODUCTS_DIR; };
		B71366481DE3DCDE0029B558 /* main.m */ = {isa = PBXFileReference; lastKnownFileType = sourcecode.c.objc; path = main.m; sourceTree = "<group>"; };
		B713664A1DE3DCDE0029B558 /* AppDelegate.h */ = {isa = PBXFileReference; fileEncoding = 4; lastKnownFileType = sourcecode.c.h; lineEnding = 0; path = AppDelegate.h; sourceTree = "<group>"; };
		B713664B1DE3DCDE0029B558 /* AppDelegate.mm */ = {isa = PBXFileReference; lastKnownFileType = sourcecode.cpp.objcpp; path = AppDelegate.mm; sourceTree = "<group>"; };
		B713664D1DE3DCDE0029B558 /* ViewController.h */ = {isa = PBXFileReference; lastKnownFileType = sourcecode.c.h; path = ViewController.h; sourceTree = "<group>"; };
		B713664E1DE3DCDE0029B558 /* ViewController.mm */ = {isa = PBXFileReference; lastKnownFileType = sourcecode.cpp.objcpp; path = ViewController.mm; sourceTree = "<group>"; };
		B71366511DE3DCDE0029B558 /* Base */ = {isa = PBXFileReference; lastKnownFileType = file.storyboard; name = Base; path = Base.lproj/Main.storyboard; sourceTree = "<group>"; };
		B71366531DE3DCDE0029B558 /* Assets.xcassets */ = {isa = PBXFileReference; lastKnownFileType = folder.assetcatalog; path = Assets.xcassets; sourceTree = "<group>"; };
		B71366561DE3DCDE0029B558 /* Base */ = {isa = PBXFileReference; lastKnownFileType = file.storyboard; name = Base; path = Base.lproj/LaunchScreen.storyboard; sourceTree = "<group>"; };
		B71366581DE3DCDE0029B558 /* Info.plist */ = {isa = PBXFileReference; lastKnownFileType = text.plist.xml; path = Info.plist; sourceTree = "<group>"; };
		B7D86A241DE53E62001269E9 /* Greeting.h */ = {isa = PBXFileReference; fileEncoding = 4; lastKnownFileType = sourcecode.c.h; lineEnding = 0; path = Greeting.h; sourceTree = "<group>"; };
		B7D86A251DE53E62001269E9 /* Greeting.mm */ = {isa = PBXFileReference; fileEncoding = 4; lastKnownFileType = sourcecode.cpp.objcpp; path = Greeting.mm; sourceTree = "<group>"; };
/* End PBXFileReference section */

/* Begin PBXFrameworksBuildPhase section */
		B71366411DE3DCDE0029B558 /* Frameworks */ = {
			isa = PBXFrameworksBuildPhase;
			buildActionMask = 2147483647;
			files = (
			);
			runOnlyForDeploymentPostprocessing = 0;
		};
/* End PBXFrameworksBuildPhase section */

/* Begin PBXGroup section */
		B713663B1DE3DCDE0029B558 = {
			isa = PBXGroup;
			children = (
				B71366461DE3DCDE0029B558 /* LearnCPP */,
				B71366451DE3DCDE0029B558 /* Products */,
			);
			sourceTree = "<group>";
		};
		B71366451DE3DCDE0029B558 /* Products */ = {
			isa = PBXGroup;
			children = (
				B71366441DE3DCDE0029B558 /* LearnCPP.app */,
			);
			name = Products;
			sourceTree = "<group>";
		};
		B71366461DE3DCDE0029B558 /* LearnCPP */ = {
			isa = PBXGroup;
			children = (
				B713664A1DE3DCDE0029B558 /* AppDelegate.h */,
				B713664B1DE3DCDE0029B558 /* AppDelegate.mm */,
				B713664D1DE3DCDE0029B558 /* ViewController.h */,
				B713664E1DE3DCDE0029B558 /* ViewController.mm */,
				B7D86A241DE53E62001269E9 /* Greeting.h */,
				B7D86A251DE53E62001269E9 /* Greeting.mm */,
				B71366501DE3DCDE0029B558 /* Main.storyboard */,
				B71366531DE3DCDE0029B558 /* Assets.xcassets */,
				B71366551DE3DCDE0029B558 /* LaunchScreen.storyboard */,
				B71366581DE3DCDE0029B558 /* Info.plist */,
				B71366471DE3DCDE0029B558 /* Supporting Files */,
			);
			path = LearnCPP;
			sourceTree = "<group>";
		};
		B71366471DE3DCDE0029B558 /* Supporting Files */ = {
			isa = PBXGroup;
			children = (
				B71366481DE3DCDE0029B558 /* main.m */,
			);
			name = "Supporting Files";
			sourceTree = "<group>";
		};
/* End PBXGroup section */

/* Begin PBXNativeTarget section */
		B71366431DE3DCDE0029B558 /* LearnCPP */ = {
			isa = PBXNativeTarget;
			buildConfigurationList = B713665B1DE3DCDE0029B558 /* Build configuration list for PBXNativeTarget "LearnCPP" */;
			buildPhases = (
				B71366401DE3DCDE0029B558 /* Sources */,
				B71366411DE3DCDE0029B558 /* Frameworks */,
				B71366421DE3DCDE0029B558 /* Resources */,
			);
			buildRules = (
			);
			dependencies = (
			);
			name = LearnCPP;
			productName = LearnCPP;
			productReference = B71366441DE3DCDE0029B558 /* LearnCPP.app */;
			productType = "com.apple.product-type.application";
		};
/* End PBXNativeTarget section */

/* Begin PBXProject section */
		B713663C1DE3DCDE0029B558 /* Project object */ = {
			isa = PBXProject;
			attributes = {
				LastUpgradeCheck = 0810;
				ORGANIZATIONNAME = rain;
				TargetAttributes = {
					B71366431DE3DCDE0029B558 = {
						CreatedOnToolsVersion = 8.1;
						ProvisioningStyle = Automatic;
					};
				};
			};
			buildConfigurationList = B713663F1DE3DCDE0029B558 /* Build configuration list for PBXProject "LearnCPP" */;
			compatibilityVersion = "Xcode 3.2";
			developmentRegion = English;
			hasScannedForEncodings = 0;
			knownRegions = (
				en,
				Base,
			);
			mainGroup = B713663B1DE3DCDE0029B558;
			productRefGroup = B71366451DE3DCDE0029B558 /* Products */;
			projectDirPath = "";
			projectRoot = "";
			targets = (
				B71366431DE3DCDE0029B558 /* LearnCPP */,
			);
		};
/* End PBXProject section */

/* Begin PBXResourcesBuildPhase section */
		B71366421DE3DCDE0029B558 /* Resources */ = {
			isa = PBXResourcesBuildPhase;
			buildActionMask = 2147483647;
			files = (
				B71366571DE3DCDE0029B558 /* LaunchScreen.storyboard in Resources */,
				B71366541DE3DCDE0029B558 /* Assets.xcassets in Resources */,
				B71366521DE3DCDE0029B558 /* Main.storyboard in Resources */,
			);
			runOnlyForDeploymentPostprocessing = 0;
		};
/* End PBXResourcesBuildPhase section */

/* Begin PBXSourcesBuildPhase section */
		B71366401DE3DCDE0029B558 /* Sources */ = {
			isa = PBXSourcesBuildPhase;
			buildActionMask = 2147483647;
			files = (
				B713664F1DE3DCDE0029B558 /* ViewController.mm in Sources */,
				B713664C1DE3DCDE0029B558 /* AppDelegate.mm in Sources */,
				B7D86A261DE53E63001269E9 /* Greeting.mm in Sources */,
				B71366491DE3DCDE0029B558 /* main.m in Sources */,
			);
			runOnlyForDeploymentPostprocessing = 0;
		};
/* End PBXSourcesBuildPhase section */

/* Begin PBXVariantGroup section */
		B71366501DE3DCDE0029B558 /* Main.storyboard */ = {
			isa = PBXVariantGroup;
			children = (
				B71366511DE3DCDE0029B558 /* Base */,
			);
			name = Main.storyboard;
			sourceTree = "<group>";
		};
		B71366551DE3DCDE0029B558 /* LaunchScreen.storyboard */ = {
			isa = PBXVariantGroup;
			children = (
				B71366561DE3DCDE0029B558 /* Base */,
			);
			name = LaunchScreen.storyboard;
			sourceTree = "<group>";
		};
/* End PBXVariantGroup section */

/* Begin XCBuildConfiguration section */
		B71366591DE3DCDE0029B558 /* Debug */ = {
			isa = XCBuildConfiguration;
			buildSettings = {
				ALWAYS_SEARCH_USER_PATHS = NO;
				CLANG_ANALYZER_NONNULL = YES;
				CLANG_CXX_LANGUAGE_STANDARD = "gnu++0x";
				CLANG_CXX_LIBRARY = "libc++";
				CLANG_ENABLE_MODULES = YES;
				CLANG_ENABLE_OBJC_ARC = YES;
				CLANG_WARN_BOOL_CONVERSION = YES;
				CLANG_WARN_CONSTANT_CONVERSION = YES;
				CLANG_WARN_DIRECT_OBJC_ISA_USAGE = YES_ERROR;
				CLANG_WARN_DOCUMENTATION_COMMENTS = YES;
				CLANG_WARN_EMPTY_BODY = YES;
				CLANG_WARN_ENUM_CONVERSION = YES;
				CLANG_WARN_INFINITE_RECURSION = YES;
				CLANG_WARN_INT_CONVERSION = YES;
				CLANG_WARN_OBJC_ROOT_CLASS = YES_ERROR;
				CLANG_WARN_SUSPICIOUS_MOVES = YES;
				CLANG_WARN_UNREACHABLE_CODE = YES;
				CLANG_WARN__DUPLICATE_METHOD_MATCH = YES;
				"CODE_SIGN_IDENTITY[sdk=iphoneos*]" = "iPhone Developer";
				COPY_PHASE_STRIP = NO;
				DEBUG_INFORMATION_FORMAT = dwarf;
				ENABLE_STRICT_OBJC_MSGSEND = YES;
				ENABLE_TESTABILITY = YES;
				GCC_C_LANGUAGE_STANDARD = gnu99;
				GCC_DYNAMIC_NO_PIC = NO;
				GCC_NO_COMMON_BLOCKS = YES;
				GCC_OPTIMIZATION_LEVEL = 0;
				GCC_PREPROCESSOR_DEFINITIONS = (
					"DEBUG=1",
					"$(inherited)",
				);
				GCC_WARN_64_TO_32_BIT_CONVERSION = YES;
				GCC_WARN_ABOUT_RETURN_TYPE = YES_ERROR;
				GCC_WARN_UNDECLARED_SELECTOR = YES;
				GCC_WARN_UNINITIALIZED_AUTOS = YES_AGGRESSIVE;
				GCC_WARN_UNUSED_FUNCTION = YES;
				GCC_WARN_UNUSED_VARIABLE = YES;
				IPHONEOS_DEPLOYMENT_TARGET = 10.1;
				MTL_ENABLE_DEBUG_INFO = YES;
				ONLY_ACTIVE_ARCH = YES;
				SDKROOT = iphoneos;
				TARGETED_DEVICE_FAMILY = "1,2";
			};
			name = Debug;
		};
		B713665A1DE3DCDE0029B558 /* Release */ = {
			isa = XCBuildConfiguration;
			buildSettings = {
				ALWAYS_SEARCH_USER_PATHS = NO;
				CLANG_ANALYZER_NONNULL = YES;
				CLANG_CXX_LANGUAGE_STANDARD = "gnu++0x";
				CLANG_CXX_LIBRARY = "libc++";
				CLANG_ENABLE_MODULES = YES;
				CLANG_ENABLE_OBJC_ARC = YES;
				CLANG_WARN_BOOL_CONVERSION = YES;
				CLANG_WARN_CONSTANT_CONVERSION = YES;
				CLANG_WARN_DIRECT_OBJC_ISA_USAGE = YES_ERROR;
				CLANG_WARN_DOCUMENTATION_COMMENTS = YES;
				CLANG_WARN_EMPTY_BODY = YES;
				CLANG_WARN_ENUM_CONVERSION = YES;
				CLANG_WARN_INFINITE_RECURSION = YES;
				CLANG_WARN_INT_CONVERSION = YES;
				CLANG_WARN_OBJC_ROOT_CLASS = YES_ERROR;
				CLANG_WARN_SUSPICIOUS_MOVES = YES;
				CLANG_WARN_UNREACHABLE_CODE = YES;
				CLANG_WARN__DUPLICATE_METHOD_MATCH = YES;
				"CODE_SIGN_IDENTITY[sdk=iphoneos*]" = "iPhone Developer";
				COPY_PHASE_STRIP = NO;
				DEBUG_INFORMATION_FORMAT = "dwarf-with-dsym";
				ENABLE_NS_ASSERTIONS = NO;
				ENABLE_STRICT_OBJC_MSGSEND = YES;
				GCC_C_LANGUAGE_STANDARD = gnu99;
				GCC_NO_COMMON_BLOCKS = YES;
				GCC_WARN_64_TO_32_BIT_CONVERSION = YES;
				GCC_WARN_ABOUT_RETURN_TYPE = YES_ERROR;
				GCC_WARN_UNDECLARED_SELECTOR = YES;
				GCC_WARN_UNINITIALIZED_AUTOS = YES_AGGRESSIVE;
				GCC_WARN_UNUSED_FUNCTION = YES;
				GCC_WARN_UNUSED_VARIABLE = YES;
				IPHONEOS_DEPLOYMENT_TARGET = 10.1;
				MTL_ENABLE_DEBUG_INFO = NO;
				SDKROOT = iphoneos;
				TARGETED_DEVICE_FAMILY = "1,2";
				VALIDATE_PRODUCT = YES;
			};
			name = Release;
		};
		B713665C1DE3DCDE0029B558 /* Debug */ = {
			isa = XCBuildConfiguration;
			buildSettings = {
				ASSETCATALOG_COMPILER_APPICON_NAME = AppIcon;
				DEVELOPMENT_TEAM = "";
				INFOPLIST_FILE = LearnCPP/Info.plist;
				LD_RUNPATH_SEARCH_PATHS = "$(inherited) @executable_path/Frameworks";
				PRODUCT_BUNDLE_IDENTIFIER = edu.self.LearnCPP;
				PRODUCT_NAME = "$(TARGET_NAME)";
			};
			name = Debug;
		};
		B713665D1DE3DCDE0029B558 /* Release */ = {
			isa = XCBuildConfiguration;
			buildSettings = {
				ASSETCATALOG_COMPILER_APPICON_NAME = AppIcon;
				DEVELOPMENT_TEAM = "";
				INFOPLIST_FILE = LearnCPP/Info.plist;
				LD_RUNPATH_SEARCH_PATHS = "$(inherited) @executable_path/Frameworks";
				PRODUCT_BUNDLE_IDENTIFIER = edu.self.LearnCPP;
				PRODUCT_NAME = "$(TARGET_NAME)";
			};
			name = Release;
		};
/* End XCBuildConfiguration section */

/* Begin XCConfigurationList section */
		B713663F1DE3DCDE0029B558 /* Build configuration list for PBXProject "LearnCPP" */ = {
			isa = XCConfigurationList;
			buildConfigurations = (
				B71366591DE3DCDE0029B558 /* Debug */,
				B713665A1DE3DCDE0029B558 /* Release */,
			);
			defaultConfigurationIsVisible = 0;
			defaultConfigurationName = Release;
		};
		B713665B1DE3DCDE0029B558 /* Build configuration list for PBXNativeTarget "LearnCPP" */ = {
			isa = XCConfigurationList;
			buildConfigurations = (
				B713665C1DE3DCDE0029B558 /* Debug */,
				B713665D1DE3DCDE0029B558 /* Release */,
			);
			defaultConfigurationIsVisible = 0;
			defaultConfigurationName = Release;
		};
/* End XCConfigurationList section */
	};
	rootObject = B713663C1DE3DCDE0029B558 /* Project object */;
}
